
Microsoft Visual Studio Solution File, Format Version 12.00
# Visual Studio Version 17
VisualStudioVersion = 17.4.33205.214
MinimumVisualStudioVersion = 10.0.40219.1
Project("{FAE04EC0-301F-11D3-BF4B-00C04F79EFBC}") = "InternTask.Domain", "InternTask.Domain\InternTask.Domain.csproj", "{886644D6-F23E-4E43-BEF1-2D4F17E76441}"
EndProject
Project("{FAE04EC0-301F-11D3-BF4B-00C04F79EFBC}") = "InternTask.Data", "InternTask.Data\InternTask.Data.csproj", "{BE5CA869-27B0-41CA-B39A-A6D95E855F4F}"
EndProject
Project("{FAE04EC0-301F-11D3-BF4B-00C04F79EFBC}") = "InternTask.Service", "InternTask.Service\InternTask.Service.csproj", "{7B68C9A5-A605-4B47-8E6A-6AC334EBEE6B}"
EndProject
Global
	GlobalSection(SolutionConfigurationPlatforms) = preSolution
		Debug|Any CPU = Debug|Any CPU
		Release|Any CPU = Release|Any CPU
	EndGlobalSection
	GlobalSection(ProjectConfigurationPlatforms) = postSolution
		{886644D6-F23E-4E43-BEF1-2D4F17E76441}.Debug|Any CPU.ActiveCfg = Debug|Any CPU
		{886644D6-F23E-4E43-BEF1-2D4F17E76441}.Debug|Any CPU.Build.0 = Debug|Any CPU
		{886644D6-F23E-4E43-BEF1-2D4F17E76441}.Release|Any CPU.ActiveCfg = Release|Any CPU
		{886644D6-F23E-4E43-BEF1-2D4F17E76441}.Release|Any CPU.Build.0 = Release|Any CPU
		{BE5CA869-27B0-41CA-B39A-A6D95E855F4F}.Debug|Any CPU.ActiveCfg = Debug|Any CPU
		{BE5CA869-27B0-41CA-B39A-A6D95E855F4F}.Debug|Any CPU.Build.0 = Debug|Any CPU
		{BE5CA869-27B0-41CA-B39A-A6D95E855F4F}.Release|Any CPU.ActiveCfg = Release|Any CPU
		{BE5CA869-27B0-41CA-B39A-A6D95E855F4F}.Release|Any CPU.Build.0 = Release|Any CPU
		{7B68C9A5-A605-4B47-8E6A-6AC334EBEE6B}.Debug|Any CPU.ActiveCfg = Debug|Any CPU
		{7B68C9A5-A605-4B47-8E6A-6AC334EBEE6B}.Debug|Any CPU.Build.0 = Debug|Any CPU
		{7B68C9A5-A605-4B47-8E6A-6AC334EBEE6B}.Release|Any CPU.ActiveCfg = Release|Any CPU
		{7B68C9A5-A605-4B47-8E6A-6AC334EBEE6B}.Release|Any CPU.Build.0 = Release|Any CPU
	EndGlobalSection
	GlobalSection(SolutionProperties) = preSolution
		HideSolutionNode = FALSE
	EndGlobalSection
	GlobalSection(ExtensibilityGlobals) = postSolution
		SolutionGuid = {0A5A7A55-9655-4990-8594-FD78E4ECAC1B}
	EndGlobalSection
EndGlobal
